{
    "compile": {
        "com.gradle.publish:plugin-publish-plugin": {
            "locked": "0.10.0",
            "requested": "0.10.0"
        },
        "com.netflix.nebula:gradle-contacts-plugin": {
            "locked": "5.1.0-rc.1",
            "requested": "latest.release"
        },
        "com.netflix.nebula:gradle-dependency-lock-plugin": {
            "locked": "7.3.3",
            "requested": "latest.release"
        },
        "com.netflix.nebula:gradle-extra-configurations-plugin": {
            "locked": "5.0.2",
            "requested": "latest.release"
        },
        "com.netflix.nebula:gradle-info-plugin": {
            "locked": "5.0.2",
            "requested": "latest.release"
        },
        "com.netflix.nebula:gradle-java-cross-compile-plugin": {
            "locked": "2.0.7",
            "requested": "latest.release"
        },
        "com.netflix.nebula:nebula-bintray-plugin": {
            "locked": "7.2.5",
            "requested": "latest.release"
        },
        "com.netflix.nebula:nebula-project-plugin": {
            "locked": "6.0.2",
            "requested": "latest.release"
        },
        "com.netflix.nebula:nebula-publishing-plugin": {
            "locked": "10.0.0",
            "requested": "latest.release"
        },
        "com.netflix.nebula:nebula-release-plugin": {
            "locked": "10.1.0",
            "requested": "latest.release"
        },
        "org.kt3k.gradle.plugin:coveralls-gradle-plugin": {
            "locked": "2.8.2",
            "requested": "latest.release"
        }
    },
    "compileClasspath": {
        "com.gradle.publish:plugin-publish-plugin": {
            "locked": "0.10.0",
            "requested": "0.10.0"
        },
        "com.netflix.nebula:gradle-contacts-plugin": {
            "locked": "5.1.0-rc.1",
            "requested": "latest.release"
        },
        "com.netflix.nebula:gradle-dependency-lock-plugin": {
            "locked": "7.3.3",
            "requested": "latest.release"
        },
        "com.netflix.nebula:gradle-extra-configurations-plugin": {
            "locked": "5.0.2",
            "requested": "latest.release"
        },
        "com.netflix.nebula:gradle-info-plugin": {
            "locked": "5.0.2",
            "requested": "latest.release"
        },
        "com.netflix.nebula:gradle-java-cross-compile-plugin": {
            "locked": "2.0.7",
            "requested": "latest.release"
        },
        "com.netflix.nebula:nebula-bintray-plugin": {
            "locked": "7.2.5",
            "requested": "latest.release"
        },
        "com.netflix.nebula:nebula-project-plugin": {
            "locked": "6.0.2",
            "requested": "latest.release"
        },
        "com.netflix.nebula:nebula-publishing-plugin": {
            "locked": "10.0.0",
            "requested": "latest.release"
        },
        "com.netflix.nebula:nebula-release-plugin": {
            "locked": "10.1.0",
            "requested": "latest.release"
        },
        "org.kt3k.gradle.plugin:coveralls-gradle-plugin": {
            "locked": "2.8.2",
            "requested": "latest.release"
        }
    },
    "default": {
        "com.gradle.publish:plugin-publish-plugin": {
            "locked": "0.10.0",
            "requested": "0.10.0"
        },
        "com.netflix.nebula:gradle-contacts-plugin": {
            "locked": "5.1.0-rc.1",
            "requested": "latest.release"
        },
        "com.netflix.nebula:gradle-dependency-lock-plugin": {
            "locked": "7.3.3",
            "requested": "latest.release"
        },
        "com.netflix.nebula:gradle-extra-configurations-plugin": {
            "locked": "5.0.2",
            "requested": "latest.release"
        },
        "com.netflix.nebula:gradle-info-plugin": {
            "locked": "5.0.2",
            "requested": "latest.release"
        },
        "com.netflix.nebula:gradle-java-cross-compile-plugin": {
            "locked": "2.0.7",
            "requested": "latest.release"
        },
        "com.netflix.nebula:nebula-bintray-plugin": {
            "locked": "7.2.5",
            "requested": "latest.release"
        },
        "com.netflix.nebula:nebula-project-plugin": {
            "locked": "6.0.2",
            "requested": "latest.release"
        },
        "com.netflix.nebula:nebula-publishing-plugin": {
            "locked": "10.0.0",
            "requested": "latest.release"
        },
        "com.netflix.nebula:nebula-release-plugin": {
            "locked": "10.1.0",
            "requested": "latest.release"
        },
        "org.kt3k.gradle.plugin:coveralls-gradle-plugin": {
            "locked": "2.8.2",
            "requested": "latest.release"
        }
    },
    "integTestCompile": {
        "com.gradle.publish:plugin-publish-plugin": {
            "locked": "0.10.0",
            "requested": "0.10.0"
        },
        "com.netflix.nebula:gradle-contacts-plugin": {
            "locked": "5.1.0-rc.1",
            "requested": "latest.release"
        },
        "com.netflix.nebula:gradle-dependency-lock-plugin": {
            "locked": "7.3.3",
            "requested": "latest.release"
        },
        "com.netflix.nebula:gradle-extra-configurations-plugin": {
            "locked": "5.0.2",
            "requested": "latest.release"
        },
        "com.netflix.nebula:gradle-info-plugin": {
            "locked": "5.0.2",
            "requested": "latest.release"
        },
        "com.netflix.nebula:gradle-java-cross-compile-plugin": {
            "locked": "2.0.7",
            "requested": "latest.release"
        },
        "com.netflix.nebula:nebula-bintray-plugin": {
            "locked": "7.2.5",
            "requested": "latest.release"
        },
        "com.netflix.nebula:nebula-project-plugin": {
            "locked": "6.0.2",
            "requested": "latest.release"
        },
        "com.netflix.nebula:nebula-publishing-plugin": {
            "locked": "10.0.0",
            "requested": "latest.release"
        },
        "com.netflix.nebula:nebula-release-plugin": {
            "locked": "10.1.0",
            "requested": "latest.release"
        },
        "com.netflix.nebula:nebula-test": {
            "locked": "7.2.3",
            "requested": "latest.release"
        },
        "org.kt3k.gradle.plugin:coveralls-gradle-plugin": {
            "locked": "2.8.2",
            "requested": "latest.release"
        }
    },
    "integTestCompileClasspath": {
        "com.gradle.publish:plugin-publish-plugin": {
            "locked": "0.10.0",
            "requested": "0.10.0"
        },
        "com.netflix.nebula:gradle-contacts-plugin": {
            "locked": "5.1.0-rc.1",
            "requested": "latest.release"
        },
        "com.netflix.nebula:gradle-dependency-lock-plugin": {
            "locked": "7.3.3",
            "requested": "latest.release"
        },
        "com.netflix.nebula:gradle-extra-configurations-plugin": {
            "locked": "5.0.2",
            "requested": "latest.release"
        },
        "com.netflix.nebula:gradle-info-plugin": {
            "locked": "5.0.2",
            "requested": "latest.release"
        },
        "com.netflix.nebula:gradle-java-cross-compile-plugin": {
            "locked": "2.0.7",
            "requested": "latest.release"
        },
        "com.netflix.nebula:nebula-bintray-plugin": {
            "locked": "7.2.5",
            "requested": "latest.release"
        },
        "com.netflix.nebula:nebula-project-plugin": {
            "locked": "6.0.2",
            "requested": "latest.release"
        },
        "com.netflix.nebula:nebula-publishing-plugin": {
            "locked": "10.0.0",
            "requested": "latest.release"
        },
        "com.netflix.nebula:nebula-release-plugin": {
            "locked": "10.1.0",
            "requested": "latest.release"
        },
        "com.netflix.nebula:nebula-test": {
            "locked": "7.2.3",
            "requested": "latest.release"
        },
        "org.kt3k.gradle.plugin:coveralls-gradle-plugin": {
            "locked": "2.8.2",
            "requested": "latest.release"
        }
    },
    "integTestRuntime": {
        "com.gradle.publish:plugin-publish-plugin": {
            "locked": "0.10.0",
            "requested": "0.10.0"
        },
        "com.netflix.nebula:gradle-contacts-plugin": {
            "locked": "5.1.0-rc.1",
            "requested": "latest.release"
        },
        "com.netflix.nebula:gradle-dependency-lock-plugin": {
            "locked": "7.3.3",
            "requested": "latest.release"
        },
        "com.netflix.nebula:gradle-extra-configurations-plugin": {
            "locked": "5.0.2",
            "requested": "latest.release"
        },
        "com.netflix.nebula:gradle-info-plugin": {
            "locked": "5.0.2",
            "requested": "latest.release"
        },
        "com.netflix.nebula:gradle-java-cross-compile-plugin": {
            "locked": "2.0.7",
            "requested": "latest.release"
        },
        "com.netflix.nebula:nebula-bintray-plugin": {
            "locked": "7.2.5",
            "requested": "latest.release"
        },
        "com.netflix.nebula:nebula-project-plugin": {
            "locked": "6.0.2",
            "requested": "latest.release"
        },
        "com.netflix.nebula:nebula-publishing-plugin": {
            "locked": "10.0.0",
            "requested": "latest.release"
        },
        "com.netflix.nebula:nebula-release-plugin": {
            "locked": "10.1.0",
            "requested": "latest.release"
        },
        "com.netflix.nebula:nebula-test": {
            "locked": "7.2.3",
            "requested": "latest.release"
        },
        "org.kt3k.gradle.plugin:coveralls-gradle-plugin": {
            "locked": "2.8.2",
            "requested": "latest.release"
        }
    },
    "integTestRuntimeClasspath": {
        "com.gradle.publish:plugin-publish-plugin": {
            "locked": "0.10.0",
            "requested": "0.10.0"
        },
        "com.netflix.nebula:gradle-contacts-plugin": {
            "locked": "5.1.0-rc.1",
            "requested": "latest.release"
        },
        "com.netflix.nebula:gradle-dependency-lock-plugin": {
            "locked": "7.3.3",
            "requested": "latest.release"
        },
        "com.netflix.nebula:gradle-extra-configurations-plugin": {
            "locked": "5.0.2",
            "requested": "latest.release"
        },
        "com.netflix.nebula:gradle-info-plugin": {
            "locked": "5.0.2",
            "requested": "latest.release"
        },
        "com.netflix.nebula:gradle-java-cross-compile-plugin": {
            "locked": "2.0.7",
            "requested": "latest.release"
        },
        "com.netflix.nebula:nebula-bintray-plugin": {
            "locked": "7.2.5",
            "requested": "latest.release"
        },
        "com.netflix.nebula:nebula-project-plugin": {
            "locked": "6.0.2",
            "requested": "latest.release"
        },
        "com.netflix.nebula:nebula-publishing-plugin": {
            "locked": "10.0.0",
            "requested": "latest.release"
        },
        "com.netflix.nebula:nebula-release-plugin": {
            "locked": "10.1.0",
            "requested": "latest.release"
        },
        "com.netflix.nebula:nebula-test": {
            "locked": "7.2.3",
            "requested": "latest.release"
        },
        "org.kt3k.gradle.plugin:coveralls-gradle-plugin": {
            "locked": "2.8.2",
            "requested": "latest.release"
        }
    },
    "jacocoAgent": {
        "org.jacoco:org.jacoco.agent": {
            "locked": "0.8.3"
        }
    },
    "jacocoAnt": {
        "org.jacoco:org.jacoco.ant": {
            "locked": "0.8.3"
        }
    },
    "runtime": {
        "com.gradle.publish:plugin-publish-plugin": {
            "locked": "0.10.0",
            "requested": "0.10.0"
        },
        "com.netflix.nebula:gradle-contacts-plugin": {
            "locked": "5.1.0-rc.1",
            "requested": "latest.release"
        },
        "com.netflix.nebula:gradle-dependency-lock-plugin": {
            "locked": "7.3.3",
            "requested": "latest.release"
        },
        "com.netflix.nebula:gradle-extra-configurations-plugin": {
            "locked": "5.0.2",
            "requested": "latest.release"
        },
        "com.netflix.nebula:gradle-info-plugin": {
            "locked": "5.0.2",
            "requested": "latest.release"
        },
        "com.netflix.nebula:gradle-java-cross-compile-plugin": {
            "locked": "2.0.7",
            "requested": "latest.release"
        },
        "com.netflix.nebula:nebula-bintray-plugin": {
            "locked": "7.2.5",
            "requested": "latest.release"
        },
        "com.netflix.nebula:nebula-project-plugin": {
            "locked": "6.0.2",
            "requested": "latest.release"
        },
        "com.netflix.nebula:nebula-publishing-plugin": {
            "locked": "10.0.0",
            "requested": "latest.release"
        },
        "com.netflix.nebula:nebula-release-plugin": {
            "locked": "10.1.0",
            "requested": "latest.release"
        },
        "org.kt3k.gradle.plugin:coveralls-gradle-plugin": {
            "locked": "2.8.2",
            "requested": "latest.release"
        }
    },
    "runtimeClasspath": {
        "com.gradle.publish:plugin-publish-plugin": {
            "locked": "0.10.0",
            "requested": "0.10.0"
        },
        "com.netflix.nebula:gradle-contacts-plugin": {
            "locked": "5.1.0-rc.1",
            "requested": "latest.release"
        },
        "com.netflix.nebula:gradle-dependency-lock-plugin": {
            "locked": "7.3.3",
            "requested": "latest.release"
        },
        "com.netflix.nebula:gradle-extra-configurations-plugin": {
            "locked": "5.0.2",
            "requested": "latest.release"
        },
        "com.netflix.nebula:gradle-info-plugin": {
            "locked": "5.0.2",
            "requested": "latest.release"
        },
        "com.netflix.nebula:gradle-java-cross-compile-plugin": {
            "locked": "2.0.7",
            "requested": "latest.release"
        },
        "com.netflix.nebula:nebula-bintray-plugin": {
            "locked": "7.2.5",
            "requested": "latest.release"
        },
        "com.netflix.nebula:nebula-project-plugin": {
            "locked": "6.0.2",
            "requested": "latest.release"
        },
        "com.netflix.nebula:nebula-publishing-plugin": {
            "locked": "10.0.0",
            "requested": "latest.release"
        },
        "com.netflix.nebula:nebula-release-plugin": {
            "locked": "10.1.0",
            "requested": "latest.release"
        },
        "org.kt3k.gradle.plugin:coveralls-gradle-plugin": {
            "locked": "2.8.2",
            "requested": "latest.release"
        }
    },
    "testCompile": {
        "com.gradle.publish:plugin-publish-plugin": {
            "locked": "0.10.0",
            "requested": "0.10.0"
        },
        "com.netflix.nebula:gradle-contacts-plugin": {
            "locked": "5.1.0-rc.1",
            "requested": "latest.release"
        },
        "com.netflix.nebula:gradle-dependency-lock-plugin": {
            "locked": "7.3.3",
            "requested": "latest.release"
        },
        "com.netflix.nebula:gradle-extra-configurations-plugin": {
            "locked": "5.0.2",
            "requested": "latest.release"
        },
        "com.netflix.nebula:gradle-info-plugin": {
            "locked": "5.0.2",
            "requested": "latest.release"
        },
        "com.netflix.nebula:gradle-java-cross-compile-plugin": {
            "locked": "2.0.7",
            "requested": "latest.release"
        },
        "com.netflix.nebula:nebula-bintray-plugin": {
            "locked": "7.2.5",
            "requested": "latest.release"
        },
        "com.netflix.nebula:nebula-project-plugin": {
            "locked": "6.0.2",
            "requested": "latest.release"
        },
        "com.netflix.nebula:nebula-publishing-plugin": {
            "locked": "10.0.0",
            "requested": "latest.release"
        },
        "com.netflix.nebula:nebula-release-plugin": {
            "locked": "10.1.0",
            "requested": "latest.release"
        },
        "com.netflix.nebula:nebula-test": {
            "locked": "7.2.3",
            "requested": "latest.release"
        },
        "org.kt3k.gradle.plugin:coveralls-gradle-plugin": {
            "locked": "2.8.2",
            "requested": "latest.release"
        }
    },
    "testCompileClasspath": {
        "com.gradle.publish:plugin-publish-plugin": {
            "locked": "0.10.0",
            "requested": "0.10.0"
        },
        "com.netflix.nebula:gradle-contacts-plugin": {
            "locked": "5.1.0-rc.1",
            "requested": "latest.release"
        },
        "com.netflix.nebula:gradle-dependency-lock-plugin": {
            "locked": "7.3.3",
            "requested": "latest.release"
        },
        "com.netflix.nebula:gradle-extra-configurations-plugin": {
            "locked": "5.0.2",
            "requested": "latest.release"
        },
        "com.netflix.nebula:gradle-info-plugin": {
            "locked": "5.0.2",
            "requested": "latest.release"
        },
        "com.netflix.nebula:gradle-java-cross-compile-plugin": {
            "locked": "2.0.7",
            "requested": "latest.release"
        },
        "com.netflix.nebula:nebula-bintray-plugin": {
            "locked": "7.2.5",
            "requested": "latest.release"
        },
        "com.netflix.nebula:nebula-project-plugin": {
            "locked": "6.0.2",
            "requested": "latest.release"
        },
        "com.netflix.nebula:nebula-publishing-plugin": {
            "locked": "10.0.0",
            "requested": "latest.release"
        },
        "com.netflix.nebula:nebula-release-plugin": {
            "locked": "10.1.0",
            "requested": "latest.release"
        },
        "com.netflix.nebula:nebula-test": {
            "locked": "7.2.3",
            "requested": "latest.release"
        },
        "org.kt3k.gradle.plugin:coveralls-gradle-plugin": {
            "locked": "2.8.2",
            "requested": "latest.release"
        }
    },
    "testRuntime": {
        "com.gradle.publish:plugin-publish-plugin": {
            "locked": "0.10.0",
            "requested": "0.10.0"
        },
        "com.netflix.nebula:gradle-contacts-plugin": {
            "locked": "5.1.0-rc.1",
            "requested": "latest.release"
        },
        "com.netflix.nebula:gradle-dependency-lock-plugin": {
            "locked": "7.3.3",
            "requested": "latest.release"
        },
        "com.netflix.nebula:gradle-extra-configurations-plugin": {
            "locked": "5.0.2",
            "requested": "latest.release"
        },
        "com.netflix.nebula:gradle-info-plugin": {
            "locked": "5.0.2",
            "requested": "latest.release"
        },
        "com.netflix.nebula:gradle-java-cross-compile-plugin": {
            "locked": "2.0.7",
            "requested": "latest.release"
        },
        "com.netflix.nebula:nebula-bintray-plugin": {
            "locked": "7.2.5",
            "requested": "latest.release"
        },
        "com.netflix.nebula:nebula-project-plugin": {
            "locked": "6.0.2",
            "requested": "latest.release"
        },
        "com.netflix.nebula:nebula-publishing-plugin": {
            "locked": "10.0.0",
            "requested": "latest.release"
        },
        "com.netflix.nebula:nebula-release-plugin": {
            "locked": "10.1.0",
            "requested": "latest.release"
        },
        "com.netflix.nebula:nebula-test": {
            "locked": "7.2.3",
            "requested": "latest.release"
        },
        "org.kt3k.gradle.plugin:coveralls-gradle-plugin": {
            "locked": "2.8.2",
            "requested": "latest.release"
        }
    },
    "testRuntimeClasspath": {
        "com.gradle.publish:plugin-publish-plugin": {
            "locked": "0.10.0",
            "requested": "0.10.0"
        },
        "com.netflix.nebula:gradle-contacts-plugin": {
            "locked": "5.1.0-rc.1",
            "requested": "latest.release"
        },
        "com.netflix.nebula:gradle-dependency-lock-plugin": {
            "locked": "7.3.3",
            "requested": "latest.release"
        },
        "com.netflix.nebula:gradle-extra-configurations-plugin": {
            "locked": "5.0.2",
            "requested": "latest.release"
        },
        "com.netflix.nebula:gradle-info-plugin": {
            "locked": "5.0.2",
            "requested": "latest.release"
        },
        "com.netflix.nebula:gradle-java-cross-compile-plugin": {
            "locked": "2.0.7",
            "requested": "latest.release"
        },
        "com.netflix.nebula:nebula-bintray-plugin": {
            "locked": "7.2.5",
            "requested": "latest.release"
        },
        "com.netflix.nebula:nebula-project-plugin": {
            "locked": "6.0.2",
            "requested": "latest.release"
        },
        "com.netflix.nebula:nebula-publishing-plugin": {
            "locked": "10.0.0",
            "requested": "latest.release"
        },
        "com.netflix.nebula:nebula-release-plugin": {
            "locked": "10.1.0",
            "requested": "latest.release"
        },
        "com.netflix.nebula:nebula-test": {
            "locked": "7.2.3",
            "requested": "latest.release"
        },
        "org.kt3k.gradle.plugin:coveralls-gradle-plugin": {
            "locked": "2.8.2",
            "requested": "latest.release"
        }
    }
}
