{
  "com.github.townsfolk:gradle-release": { "locked": "1.2", "requested": "1.2" },
  "com.jfrog.bintray.gradle:gradle-bintray-plugin": { "locked": "1.0", "requested": "0.3" },
  "com.netflix.nebula:nebula-bintray-plugin": { "locked": "2.2.0", "requested": "2.2.+" },
  "com.netflix.nebula:nebula-project-plugin": { "locked": "2.2.0", "requested": "2.2.+" },
  "com.netflix.nebula:nebula-test": { "locked": "2.2.0", "requested": "2.2.+" },
  "org.codehaus.groovy.modules.http-builder:http-builder": { "locked": "0.7.2", "requested": "0.7.1" }
}
