# This is a Gradle generated file for dependency locking.
# Manual edits can break the build and are not advised.
# This file is expected to be part of source control.
# To regenerate this file, run: ./gradlew :dependencies --write-locks
cglib:cglib-nodep:3.2.2=testRuntimeClasspath
com.ethlo.time:itu:1.7.0=testArchRulesRuntime,testCompileClasspath,testRuntimeClasspath
com.fasterxml.jackson.core:jackson-annotations:2.14.3=testArchRulesRuntime,testCompileClasspath,testRuntimeClasspath
com.fasterxml.jackson.core:jackson-core:2.14.3=testArchRulesRuntime,testCompileClasspath,testRuntimeClasspath
com.fasterxml.jackson.core:jackson-databind:2.14.3=testArchRulesRuntime,testCompileClasspath,testRuntimeClasspath
com.fasterxml.jackson.dataformat:jackson-dataformat-yaml:2.14.3=testArchRulesRuntime,testCompileClasspath,testRuntimeClasspath
com.fasterxml.jackson.datatype:jackson-datatype-jsr310:2.14.3=testArchRulesRuntime,testCompileClasspath,testRuntimeClasspath
com.fasterxml.jackson:jackson-bom:2.14.2=runtimeClasspath
com.fasterxml.jackson:jackson-bom:2.14.3=testArchRulesRuntime,testCompileClasspath,testRuntimeClasspath
com.fasterxml.uuid:java-uuid-generator:4.1.0=testArchRulesRuntime,testCompileClasspath,testRuntimeClasspath
com.github.cliftonlabs:json-simple:3.0.2=testArchRulesRuntime,testCompileClasspath,testRuntimeClasspath
com.github.java-json-tools:btf:1.3=testArchRulesRuntime,testCompileClasspath,testRuntimeClasspath
com.github.java-json-tools:jackson-coreutils-equivalence:1.0=testArchRulesRuntime,testCompileClasspath,testRuntimeClasspath
com.github.java-json-tools:jackson-coreutils:2.0=testArchRulesRuntime,testCompileClasspath,testRuntimeClasspath
com.github.java-json-tools:json-patch:1.13=testArchRulesRuntime,testCompileClasspath,testRuntimeClasspath
com.github.java-json-tools:json-schema-core:1.2.14=testArchRulesRuntime,testCompileClasspath,testRuntimeClasspath
com.github.java-json-tools:json-schema-validator:2.2.14=testArchRulesRuntime,testCompileClasspath,testRuntimeClasspath
com.github.java-json-tools:msg-simple:1.2=testArchRulesRuntime,testCompileClasspath,testRuntimeClasspath
com.github.java-json-tools:uri-template:0.10=testArchRulesRuntime,testCompileClasspath,testRuntimeClasspath
com.github.stephenc.jcip:jcip-annotations:1.0-1=testArchRulesRuntime,testCompileClasspath,testRuntimeClasspath
com.github.zafarkhaja:java-semver:0.9.0=runtimeClasspath,testRuntimeClasspath
com.google.code.findbugs:jsr305:3.0.2=testArchRulesRuntime,testCompileClasspath,testRuntimeClasspath
com.google.code.gson:gson:2.11.0=runtimeClasspath,testRuntimeClasspath
com.google.errorprone:error_prone_annotations:2.11.0=testArchRulesRuntime,testCompileClasspath
com.google.errorprone:error_prone_annotations:2.27.0=runtimeClasspath,testRuntimeClasspath
com.google.guava:failureaccess:1.0.1=testArchRulesRuntime,testCompileClasspath,testRuntimeClasspath
com.google.guava:guava:31.1-jre=testArchRulesRuntime,testCompileClasspath,testRuntimeClasspath
com.google.guava:listenablefuture:9999.0-empty-to-avoid-conflict-with-guava=testArchRulesRuntime,testCompileClasspath,testRuntimeClasspath
com.google.j2objc:j2objc-annotations:1.3=testArchRulesRuntime,testCompileClasspath,testRuntimeClasspath
com.googlecode.javaewah:JavaEWAH:1.2.3=testArchRulesRuntime,testCompileClasspath,testRuntimeClasspath
com.googlecode.libphonenumber:libphonenumber:8.11.1=testArchRulesRuntime,testCompileClasspath,testRuntimeClasspath
com.gradle.develocity:com.gradle.develocity.gradle.plugin:4.5.1=compileClasspath,mainArchRulesRuntime,runtimeClasspath,testArchRulesRuntime,testCompileClasspath,testRuntimeClasspath
com.gradle.publish:plugin-publish-plugin:2.2.1=compileClasspath,mainArchRulesRuntime,runtimeClasspath,testArchRulesRuntime,testCompileClasspath,testRuntimeClasspath
com.gradle:develocity-gradle-plugin:4.5.1=compileClasspath,mainArchRulesRuntime,runtimeClasspath,testArchRulesRuntime,testCompileClasspath,testRuntimeClasspath
com.jayway.jsonpath:json-path:2.7.0=testArchRulesRuntime,testCompileClasspath,testRuntimeClasspath
com.jcraft:jzlib:1.1.2=mainArchRulesRuntime,runtimeClasspath
com.jcraft:jzlib:1.1.3=testArchRulesRuntime,testCompileClasspath,testRuntimeClasspath
com.lmax:disruptor:3.4.4=testArchRulesRuntime,testCompileClasspath,testRuntimeClasspath
com.netflix.nebula:archrules-common:2.0.7=mainArchRulesRuntime,testArchRulesRuntime
com.netflix.nebula:archrules-deprecation:2.0.7=mainArchRulesRuntime,testArchRulesRuntime
com.netflix.nebula:archrules-gradle-plugin-development:1.0.4=mainArchRulesRuntime,testArchRulesRuntime
com.netflix.nebula:archrules-guava:2.0.7=mainArchRulesRuntime,testArchRulesRuntime
com.netflix.nebula:archrules-joda:2.0.7=mainArchRulesRuntime,testArchRulesRuntime
com.netflix.nebula:archrules-nullability:2.0.7=mainArchRulesRuntime,testArchRulesRuntime
com.netflix.nebula:archrules-security:2.0.7=mainArchRulesRuntime,testArchRulesRuntime
com.netflix.nebula:archrules-testing-frameworks:2.0.7=mainArchRulesRuntime,testArchRulesRuntime
com.netflix.nebula:gradle-contacts-plugin:8.1.0=compileClasspath,mainArchRulesRuntime,runtimeClasspath,testArchRulesRuntime,testCompileClasspath,testRuntimeClasspath
com.netflix.nebula:gradle-dependency-lock-plugin:17.2.0=compileClasspath,mainArchRulesRuntime,runtimeClasspath,testArchRulesRuntime,testCompileClasspath,testRuntimeClasspath
com.netflix.nebula:gradle-info-plugin:16.3.0=compileClasspath,mainArchRulesRuntime,runtimeClasspath,testArchRulesRuntime,testCompileClasspath,testRuntimeClasspath
com.netflix.nebula:gradle-java-cross-compile-plugin:8.0.0=compileClasspath,mainArchRulesRuntime,runtimeClasspath,testArchRulesRuntime,testCompileClasspath,testRuntimeClasspath
com.netflix.nebula:nebula-archrules-core:1.4.2=mainArchRulesRuntime,runtimeClasspath,testArchRulesRuntime,testRuntimeClasspath
com.netflix.nebula:nebula-archrules-gradle-plugin:1.4.2=compileClasspath,mainArchRulesRuntime,runtimeClasspath,testArchRulesRuntime,testCompileClasspath,testRuntimeClasspath
com.netflix.nebula:nebula-dependencies-comparison:0.4.2=runtimeClasspath,testRuntimeClasspath
com.netflix.nebula:nebula-gradle-interop:3.1.0=compileClasspath,mainArchRulesRuntime,runtimeClasspath,testArchRulesRuntime,testCompileClasspath,testRuntimeClasspath
com.netflix.nebula:nebula-oss-publishing-plugin:4.1.1=compileClasspath,mainArchRulesRuntime,runtimeClasspath,testArchRulesRuntime,testCompileClasspath,testRuntimeClasspath
com.netflix.nebula:nebula-project-plugin:13.1.2=compileClasspath,mainArchRulesRuntime,runtimeClasspath,testArchRulesRuntime,testCompileClasspath,testRuntimeClasspath
com.netflix.nebula:nebula-publishing-plugin:23.1.0=compileClasspath,mainArchRulesRuntime,runtimeClasspath,testArchRulesRuntime,testCompileClasspath,testRuntimeClasspath
com.netflix.nebula:nebula-release-plugin:21.1.3=compileClasspath,mainArchRulesRuntime,runtimeClasspath,testArchRulesRuntime,testCompileClasspath,testRuntimeClasspath
com.netflix.nebula:nebula-test:12.11.0=testArchRulesRuntime,testCompileClasspath,testRuntimeClasspath
com.networknt:json-schema-validator:1.0.76=testArchRulesRuntime,testCompileClasspath,testRuntimeClasspath
com.nimbusds:nimbus-jose-jwt:9.28=testArchRulesRuntime,testCompileClasspath,testRuntimeClasspath
com.perforce:p4java:2015.2.1365273=mainArchRulesRuntime,runtimeClasspath,testArchRulesRuntime,testRuntimeClasspath
com.samskivert:jmustache:1.15=testArchRulesRuntime,testCompileClasspath,testRuntimeClasspath
com.squareup.moshi:moshi:1.12.0=runtimeClasspath,testRuntimeClasspath
com.squareup.okio:okio:2.10.0=runtimeClasspath,testRuntimeClasspath
com.sun.activation:jakarta.activation:2.0.1=testArchRulesRuntime,testCompileClasspath
com.sun.mail:mailapi:1.6.2=testArchRulesRuntime,testCompileClasspath,testRuntimeClasspath
com.sun.xml.bind:jaxb-core:4.0.1=testRuntimeClasspath
com.sun.xml.bind:jaxb-impl:4.0.1=testRuntimeClasspath
com.tngtech.archunit:archunit:1.5.0=compileClasspath,mainArchRulesRuntime,runtimeClasspath,testArchRulesRuntime,testCompileClasspath,testRuntimeClasspath
commons-beanutils:commons-beanutils:1.9.4=testArchRulesRuntime,testCompileClasspath,testRuntimeClasspath
commons-codec:commons-codec:1.22.0=testArchRulesRuntime,testCompileClasspath,testRuntimeClasspath
commons-collections:commons-collections:3.2.2=testArchRulesRuntime,testCompileClasspath,testRuntimeClasspath
commons-io:commons-io:2.11.0=testArchRulesRuntime,testCompileClasspath,testRuntimeClasspath
commons-logging:commons-logging:1.2=testArchRulesRuntime,testCompileClasspath,testRuntimeClasspath
io.github.classgraph:classgraph:4.8.154=testArchRulesRuntime,testCompileClasspath,testRuntimeClasspath
io.github.gradle-nexus:publish-plugin:2.0.0=compileClasspath,mainArchRulesRuntime,runtimeClasspath,testRuntimeClasspath
io.github.java-diff-utils:java-diff-utils:4.12=kotlinInternalAbiValidation
io.netty:netty-buffer:4.1.86.Final=testArchRulesRuntime,testCompileClasspath,testRuntimeClasspath
io.netty:netty-codec-http2:4.1.86.Final=testArchRulesRuntime,testCompileClasspath,testRuntimeClasspath
io.netty:netty-codec-http:4.1.86.Final=testArchRulesRuntime,testCompileClasspath,testRuntimeClasspath
io.netty:netty-codec-socks:4.1.86.Final=testArchRulesRuntime,testCompileClasspath,testRuntimeClasspath
io.netty:netty-codec:4.1.86.Final=testArchRulesRuntime,testCompileClasspath,testRuntimeClasspath
io.netty:netty-common:4.1.86.Final=testArchRulesRuntime,testCompileClasspath,testRuntimeClasspath
io.netty:netty-handler-proxy:4.1.86.Final=testArchRulesRuntime,testCompileClasspath,testRuntimeClasspath
io.netty:netty-handler:4.1.86.Final=testArchRulesRuntime,testCompileClasspath,testRuntimeClasspath
io.netty:netty-resolver:4.1.86.Final=testArchRulesRuntime,testCompileClasspath,testRuntimeClasspath
io.netty:netty-tcnative-boringssl-static:2.0.56.Final=testArchRulesRuntime,testCompileClasspath,testRuntimeClasspath
io.netty:netty-tcnative-classes:2.0.56.Final=testArchRulesRuntime,testCompileClasspath,testRuntimeClasspath
io.netty:netty-transport-native-unix-common:4.1.86.Final=testArchRulesRuntime,testCompileClasspath,testRuntimeClasspath
io.netty:netty-transport:4.1.86.Final=testArchRulesRuntime,testCompileClasspath,testRuntimeClasspath
io.prometheus:simpleclient:0.16.0=testArchRulesRuntime,testCompileClasspath,testRuntimeClasspath
io.prometheus:simpleclient_common:0.16.0=testArchRulesRuntime,testCompileClasspath,testRuntimeClasspath
io.prometheus:simpleclient_httpserver:0.16.0=testArchRulesRuntime,testCompileClasspath,testRuntimeClasspath
io.prometheus:simpleclient_tracer_common:0.16.0=testArchRulesRuntime,testCompileClasspath,testRuntimeClasspath
io.prometheus:simpleclient_tracer_otel:0.16.0=testArchRulesRuntime,testCompileClasspath,testRuntimeClasspath
io.prometheus:simpleclient_tracer_otel_agent:0.16.0=testArchRulesRuntime,testCompileClasspath,testRuntimeClasspath
io.swagger.core.v3:swagger-annotations:2.2.8=testArchRulesRuntime,testCompileClasspath,testRuntimeClasspath
io.swagger.core.v3:swagger-core:2.2.8=testArchRulesRuntime,testCompileClasspath,testRuntimeClasspath
io.swagger.core.v3:swagger-models:2.2.8=testArchRulesRuntime,testCompileClasspath,testRuntimeClasspath
io.swagger.parser.v3:swagger-parser-core:2.1.10=testArchRulesRuntime,testCompileClasspath,testRuntimeClasspath
io.swagger.parser.v3:swagger-parser-v2-converter:2.1.10=testArchRulesRuntime,testCompileClasspath,testRuntimeClasspath
io.swagger.parser.v3:swagger-parser-v3:2.1.10=testArchRulesRuntime,testCompileClasspath,testRuntimeClasspath
io.swagger.parser.v3:swagger-parser:2.1.10=testArchRulesRuntime,testCompileClasspath,testRuntimeClasspath
io.swagger:swagger-annotations:1.6.9=testArchRulesRuntime,testCompileClasspath,testRuntimeClasspath
io.swagger:swagger-compat-spec-parser:1.0.64=testArchRulesRuntime,testCompileClasspath,testRuntimeClasspath
io.swagger:swagger-core:1.6.9=testArchRulesRuntime,testCompileClasspath,testRuntimeClasspath
io.swagger:swagger-models:1.6.9=testArchRulesRuntime,testCompileClasspath,testRuntimeClasspath
io.swagger:swagger-parser:1.0.64=testArchRulesRuntime,testCompileClasspath,testRuntimeClasspath
jakarta.activation:jakarta.activation-api:2.1.0=testRuntimeClasspath
jakarta.validation:jakarta.validation-api:2.0.2=testArchRulesRuntime,testCompileClasspath,testRuntimeClasspath
jakarta.xml.bind:jakarta.xml.bind-api:3.0.1=testArchRulesRuntime,testCompileClasspath
jakarta.xml.bind:jakarta.xml.bind-api:4.0.0=testRuntimeClasspath
javax.servlet:javax.servlet-api:4.0.1=testArchRulesRuntime,testCompileClasspath,testRuntimeClasspath
joda-time:joda-time:2.10=runtimeClasspath
joda-time:joda-time:2.10.5=testArchRulesRuntime,testCompileClasspath,testRuntimeClasspath
net.bytebuddy:byte-buddy:1.18.3=testArchRulesRuntime,testCompileClasspath,testRuntimeClasspath
net.java.dev.jna:jna-platform:5.16.0=mainArchRulesRuntime,runtimeClasspath,testArchRulesRuntime,testRuntimeClasspath
net.java.dev.jna:jna:5.16.0=mainArchRulesRuntime,runtimeClasspath,testArchRulesRuntime,testRuntimeClasspath
net.javacrumbs.json-unit:json-unit-core:2.36.0=testArchRulesRuntime,testCompileClasspath,testRuntimeClasspath
net.minidev:accessors-smart:2.4.7=testArchRulesRuntime,testCompileClasspath,testRuntimeClasspath
net.minidev:json-smart:2.4.7=testArchRulesRuntime,testCompileClasspath,testRuntimeClasspath
net.sf.jopt-simple:jopt-simple:5.0.4=testArchRulesRuntime,testCompileClasspath,testRuntimeClasspath
org.apache.commons:commons-digester3:3.2=testArchRulesRuntime,testCompileClasspath,testRuntimeClasspath
org.apache.commons:commons-lang3:3.12.0=runtimeClasspath,testArchRulesRuntime,testCompileClasspath,testRuntimeClasspath
org.apache.commons:commons-text:1.10.0=testArchRulesRuntime,testCompileClasspath,testRuntimeClasspath
org.apache.httpcomponents:httpclient:4.5.13=testArchRulesRuntime,testCompileClasspath,testRuntimeClasspath
org.apache.httpcomponents:httpcore:4.4.13=testArchRulesRuntime,testCompileClasspath,testRuntimeClasspath
org.apache.maven:maven-model:3.6.3=compileClasspath,mainArchRulesRuntime,runtimeClasspath,testArchRulesRuntime,testCompileClasspath,testRuntimeClasspath
org.apache.velocity.tools:velocity-tools-generic:3.1=testArchRulesRuntime,testCompileClasspath,testRuntimeClasspath
org.apache.velocity:velocity-engine-core:2.3=testArchRulesRuntime,testCompileClasspath,testRuntimeClasspath
org.apache.velocity:velocity-engine-scripting:2.3=testArchRulesRuntime,testCompileClasspath,testRuntimeClasspath
org.apiguardian:apiguardian-api:1.1.2=testArchRulesRuntime,testCompileClasspath
org.assertj:assertj-core:3.27.7=testArchRulesRuntime,testCompileClasspath,testRuntimeClasspath
org.bouncycastle:bcpg-jdk18on:1.84=kotlinBouncyCastleConfiguration
org.bouncycastle:bcpkix-jdk18on:1.72=testArchRulesRuntime,testCompileClasspath,testRuntimeClasspath
org.bouncycastle:bcpkix-jdk18on:1.84=kotlinBouncyCastleConfiguration
org.bouncycastle:bcprov-jdk18on:1.72=testArchRulesRuntime,testCompileClasspath,testRuntimeClasspath
org.bouncycastle:bcprov-jdk18on:1.84=kotlinBouncyCastleConfiguration
org.bouncycastle:bcutil-jdk18on:1.72=testArchRulesRuntime,testCompileClasspath,testRuntimeClasspath
org.bouncycastle:bcutil-jdk18on:1.84=kotlinBouncyCastleConfiguration
org.checkerframework:checker-qual:3.12.0=testArchRulesRuntime,testCompileClasspath,testRuntimeClasspath
org.codehaus.plexus:plexus-utils:3.2.1=runtimeClasspath,testRuntimeClasspath
org.eclipse.angus:angus-activation:1.0.0=testRuntimeClasspath
org.eclipse.jgit:org.eclipse.jgit:7.7.0.202606012155-r=testArchRulesRuntime,testCompileClasspath,testRuntimeClasspath
org.gradle.plugin:compatibility-plugin:1.1.0=compileClasspath,mainArchRulesRuntime,runtimeClasspath,testArchRulesRuntime,testCompileClasspath,testRuntimeClasspath
org.gradle.toolchains.foojay-resolver-convention:org.gradle.toolchains.foojay-resolver-convention.gradle.plugin:1.0.0=compileClasspath,mainArchRulesRuntime,runtimeClasspath,testArchRulesRuntime,testCompileClasspath,testRuntimeClasspath
org.gradle.toolchains:foojay-resolver:1.0.0=compileClasspath,mainArchRulesRuntime,runtimeClasspath,testArchRulesRuntime,testCompileClasspath,testRuntimeClasspath
org.hamcrest:hamcrest-core:2.2=testArchRulesRuntime,testCompileClasspath,testRuntimeClasspath
org.hamcrest:hamcrest:2.2=testArchRulesRuntime,testCompileClasspath,testRuntimeClasspath
org.jetbrains.kotlin.jvm:org.jetbrains.kotlin.jvm.gradle.plugin:2.4.20=compileClasspath,mainArchRulesRuntime,runtimeClasspath,testArchRulesRuntime,testCompileClasspath,testRuntimeClasspath
org.jetbrains.kotlin:abi-tools-api:2.3.21=kotlinInternalAbiValidation
org.jetbrains.kotlin:abi-tools:2.3.21=kotlinInternalAbiValidation
org.jetbrains.kotlin:fus-statistics-gradle-plugin:2.4.20=compileClasspath,mainArchRulesRuntime,runtimeClasspath,testArchRulesRuntime,testCompileClasspath,testRuntimeClasspath
org.jetbrains.kotlin:kotlin-assignment-compiler-plugin-embeddable:2.4.0=kotlinCompilerPluginClasspathMain,kotlinCompilerPluginClasspathTest
org.jetbrains.kotlin:kotlin-build-statistics:2.4.20=runtimeClasspath,testRuntimeClasspath
org.jetbrains.kotlin:kotlin-build-tools-api:2.4.0=kotlinBuildToolsApiClasspath,kotlinCompilerClasspath,kotlinKlibCommonizerClasspath
org.jetbrains.kotlin:kotlin-build-tools-api:2.4.20=compileClasspath,kotlinAbiValidationCompatClasspath,mainArchRulesRuntime,runtimeClasspath,testArchRulesRuntime,testCompileClasspath,testRuntimeClasspath
org.jetbrains.kotlin:kotlin-build-tools-compat:2.4.0=kotlinAbiValidationCompatClasspath,kotlinBuildToolsApiClasspath,kotlinCompilerClasspath
org.jetbrains.kotlin:kotlin-build-tools-cri-impl:2.4.0=kotlinBuildToolsApiClasspath,kotlinCompilerClasspath
org.jetbrains.kotlin:kotlin-build-tools-cri-impl:2.4.20=kotlinAbiValidationCompatClasspath
org.jetbrains.kotlin:kotlin-build-tools-impl:2.4.0=kotlinBuildToolsApiClasspath,kotlinCompilerClasspath
org.jetbrains.kotlin:kotlin-build-tools-impl:2.4.20=kotlinAbiValidationCompatClasspath
org.jetbrains.kotlin:kotlin-compiler-embeddable:2.4.0=kotlinBuildToolsApiClasspath,kotlinCompilerClasspath,kotlinKlibCommonizerClasspath
org.jetbrains.kotlin:kotlin-compiler-embeddable:2.4.20=kotlinAbiValidationCompatClasspath
org.jetbrains.kotlin:kotlin-compiler-runner:2.4.0=kotlinBuildToolsApiClasspath,kotlinCompilerClasspath
org.jetbrains.kotlin:kotlin-compiler-runner:2.4.20=kotlinAbiValidationCompatClasspath,runtimeClasspath,testRuntimeClasspath
org.jetbrains.kotlin:kotlin-daemon-client:2.4.0=kotlinBuildToolsApiClasspath,kotlinCompilerClasspath
org.jetbrains.kotlin:kotlin-daemon-client:2.4.20=kotlinAbiValidationCompatClasspath,runtimeClasspath,testRuntimeClasspath
org.jetbrains.kotlin:kotlin-daemon-embeddable:2.4.0=kotlinBuildToolsApiClasspath,kotlinCompilerClasspath,kotlinKlibCommonizerClasspath
org.jetbrains.kotlin:kotlin-daemon-embeddable:2.4.20=kotlinAbiValidationCompatClasspath
org.jetbrains.kotlin:kotlin-gradle-plugin-annotations:2.4.20=compileClasspath,mainArchRulesRuntime,runtimeClasspath,testArchRulesRuntime,testCompileClasspath,testRuntimeClasspath
org.jetbrains.kotlin:kotlin-gradle-plugin-api:2.4.20=compileClasspath,mainArchRulesRuntime,runtimeClasspath,testArchRulesRuntime,testCompileClasspath,testRuntimeClasspath
org.jetbrains.kotlin:kotlin-gradle-plugin-idea-proto:2.4.20=runtimeClasspath,testRuntimeClasspath
org.jetbrains.kotlin:kotlin-gradle-plugin-idea:2.4.20=runtimeClasspath,testRuntimeClasspath
org.jetbrains.kotlin:kotlin-gradle-plugin:2.4.20=compileClasspath,mainArchRulesRuntime,runtimeClasspath,testArchRulesRuntime,testCompileClasspath,testRuntimeClasspath
org.jetbrains.kotlin:kotlin-gradle-plugins-bom:2.4.20=compileClasspath,mainArchRulesRuntime,runtimeClasspath,testArchRulesRuntime,testCompileClasspath,testRuntimeClasspath
org.jetbrains.kotlin:kotlin-klib-abi-reader:2.3.21=kotlinInternalAbiValidation
org.jetbrains.kotlin:kotlin-klib-commonizer-api:2.4.20=runtimeClasspath,testRuntimeClasspath
org.jetbrains.kotlin:kotlin-klib-commonizer-embeddable:2.4.0=kotlinKlibCommonizerClasspath
org.jetbrains.kotlin:kotlin-metadata-jvm:2.3.20=mainArchRulesRuntime,testArchRulesRuntime
org.jetbrains.kotlin:kotlin-metadata-jvm:2.3.21=kotlinInternalAbiValidation
org.jetbrains.kotlin:kotlin-native-utils:2.4.20=compileClasspath,mainArchRulesRuntime,runtimeClasspath,testArchRulesRuntime,testCompileClasspath,testRuntimeClasspath
org.jetbrains.kotlin:kotlin-reflect:1.6.10=kotlinAbiValidationCompatClasspath,kotlinBuildToolsApiClasspath,kotlinCompilerClasspath,kotlinKlibCommonizerClasspath
org.jetbrains.kotlin:kotlin-reflect:2.4.0=compileClasspath,embeddedKotlin,mainArchRulesRuntime,testArchRulesRuntime,testCompileClasspath,testRuntimeClasspath
org.jetbrains.kotlin:kotlin-sam-with-receiver-compiler-plugin-embeddable:2.4.0=kotlinCompilerPluginClasspathMain,kotlinCompilerPluginClasspathTest
org.jetbrains.kotlin:kotlin-script-runtime:2.4.0=compilePluginsBlocksPluginClasspathElements,kotlinBuildToolsApiClasspath,kotlinCompilerClasspath,kotlinCompilerPluginClasspathMain,kotlinCompilerPluginClasspathTest,kotlinKlibCommonizerClasspath
org.jetbrains.kotlin:kotlin-script-runtime:2.4.20=kotlinAbiValidationCompatClasspath
org.jetbrains.kotlin:kotlin-scripting-common:2.4.0=compilePluginsBlocksPluginClasspathElements,kotlinCompilerPluginClasspathMain,kotlinCompilerPluginClasspathTest
org.jetbrains.kotlin:kotlin-scripting-compiler-embeddable:2.4.0=compilePluginsBlocksPluginClasspathElements,kotlinCompilerPluginClasspathMain,kotlinCompilerPluginClasspathTest
org.jetbrains.kotlin:kotlin-scripting-compiler-impl-embeddable:2.4.0=compilePluginsBlocksPluginClasspathElements,kotlinCompilerPluginClasspathMain,kotlinCompilerPluginClasspathTest
org.jetbrains.kotlin:kotlin-scripting-jvm:2.4.0=compilePluginsBlocksPluginClasspathElements,kotlinCompilerPluginClasspathMain,kotlinCompilerPluginClasspathTest
org.jetbrains.kotlin:kotlin-stdlib-common:2.2.0=runtimeClasspath
org.jetbrains.kotlin:kotlin-stdlib-common:2.4.0=testRuntimeClasspath
org.jetbrains.kotlin:kotlin-stdlib-jdk7:1.8.0=compileClasspath,mainArchRulesRuntime,runtimeClasspath,testArchRulesRuntime,testCompileClasspath,testRuntimeClasspath
org.jetbrains.kotlin:kotlin-stdlib-jdk8:1.8.0=compileClasspath,mainArchRulesRuntime,runtimeClasspath,testArchRulesRuntime,testCompileClasspath,testRuntimeClasspath
org.jetbrains.kotlin:kotlin-stdlib:2.2.0=runtimeClasspath
org.jetbrains.kotlin:kotlin-stdlib:2.3.21=kotlinInternalAbiValidation
org.jetbrains.kotlin:kotlin-stdlib:2.4.0=compileClasspath,compilePluginsBlocksPluginClasspathElements,embeddedKotlin,kotlinBuildToolsApiClasspath,kotlinCompilerClasspath,kotlinCompilerPluginClasspathMain,kotlinCompilerPluginClasspathTest,kotlinKlibCommonizerClasspath,mainArchRulesRuntime,testArchRulesRuntime,testCompileClasspath,testRuntimeClasspath
org.jetbrains.kotlin:kotlin-stdlib:2.4.20=kotlinAbiValidationCompatClasspath
org.jetbrains.kotlin:kotlin-tooling-core:2.4.0=kotlinBuildToolsApiClasspath,kotlinCompilerClasspath
org.jetbrains.kotlin:kotlin-tooling-core:2.4.20=compileClasspath,kotlinAbiValidationCompatClasspath,mainArchRulesRuntime,runtimeClasspath,testArchRulesRuntime,testCompileClasspath,testRuntimeClasspath
org.jetbrains.kotlin:kotlin-util-io:2.4.20=compileClasspath,mainArchRulesRuntime,runtimeClasspath,testArchRulesRuntime,testCompileClasspath,testRuntimeClasspath
org.jetbrains.kotlin:kotlin-util-klib-metadata:2.4.20=runtimeClasspath,testRuntimeClasspath
org.jetbrains.kotlin:kotlin-util-klib:2.4.20=runtimeClasspath,testRuntimeClasspath
org.jetbrains.kotlinx:kotlinx-coroutines-core-jvm:1.8.0=kotlinAbiValidationCompatClasspath,kotlinBuildToolsApiClasspath,kotlinCompilerClasspath,kotlinKlibCommonizerClasspath,runtimeClasspath,testRuntimeClasspath
org.jetbrains:annotations:13.0=compileClasspath,compilePluginsBlocksPluginClasspathElements,embeddedKotlin,kotlinAbiValidationCompatClasspath,kotlinBuildToolsApiClasspath,kotlinCompilerClasspath,kotlinCompilerPluginClasspathMain,kotlinCompilerPluginClasspathTest,kotlinInternalAbiValidation,kotlinKlibCommonizerClasspath,mainArchRulesRuntime,runtimeClasspath,testArchRulesRuntime,testCompileClasspath,testRuntimeClasspath
org.jspecify:jspecify:1.0.0=mainArchRulesRuntime,runtimeClasspath,testArchRulesRuntime,testCompileClasspath,testRuntimeClasspath
org.junit.jupiter:junit-jupiter-api:5.14.4=testArchRulesRuntime,testCompileClasspath,testRuntimeClasspath
org.junit.jupiter:junit-jupiter-engine:5.14.4=testRuntimeClasspath
org.junit.jupiter:junit-jupiter-params:5.14.4=testArchRulesRuntime,testCompileClasspath,testRuntimeClasspath
org.junit.jupiter:junit-jupiter:5.14.4=testArchRulesRuntime,testCompileClasspath,testRuntimeClasspath
org.junit.platform:junit-platform-commons:1.14.4=testArchRulesRuntime,testCompileClasspath,testRuntimeClasspath
org.junit.platform:junit-platform-engine:1.14.4=testArchRulesRuntime,testCompileClasspath,testRuntimeClasspath
org.junit.platform:junit-platform-launcher:1.14.4=testArchRulesRuntime,testCompileClasspath,testRuntimeClasspath
org.junit:junit-bom:5.14.4=testArchRulesRuntime,testCompileClasspath,testRuntimeClasspath
org.mock-server:mockserver-client-java:5.15.0=testArchRulesRuntime,testCompileClasspath,testRuntimeClasspath
org.mock-server:mockserver-core:5.15.0=testArchRulesRuntime,testCompileClasspath,testRuntimeClasspath
org.mock-server:mockserver-netty:5.15.0=testArchRulesRuntime,testCompileClasspath,testRuntimeClasspath
org.mozilla:rhino:1.7.7.2=testArchRulesRuntime,testCompileClasspath,testRuntimeClasspath
org.objenesis:objenesis:2.4=testRuntimeClasspath
org.opentest4j:opentest4j:1.3.0=testArchRulesRuntime,testCompileClasspath,testRuntimeClasspath
org.ow2.asm:asm:9.1=testArchRulesRuntime,testCompileClasspath,testRuntimeClasspath
org.slf4j:slf4j-api:2.0.18=compileClasspath,mainArchRulesRuntime,runtimeClasspath,testArchRulesRuntime,testCompileClasspath,testRuntimeClasspath
org.xmlunit:xmlunit-core:2.9.1=testArchRulesRuntime,testCompileClasspath,testRuntimeClasspath
org.xmlunit:xmlunit-placeholders:2.9.1=testArchRulesRuntime,testCompileClasspath,testRuntimeClasspath
org.yaml:snakeyaml:1.33=testArchRulesRuntime,testCompileClasspath,testRuntimeClasspath
empty=annotationProcessor,implementationDependenciesMetadata,kotlinCompilerPluginClasspath,kotlinNativeCompilerPluginClasspath,kotlinScriptDefExtensions,testAnnotationProcessor,testImplementationDependenciesMetadata,testKotlinScriptDefExtensions
