# This is a Gradle generated file for dependency locking.
# Manual edits can break the build and are not advised.
# This file is expected to be part of source control.
com.fasterxml.jackson:jackson-bom:2.9.10.20210106
com.gradle.publish:plugin-publish-plugin:0.11.0
com.netflix.nebula:gradle-contacts-plugin:5.1.0
com.netflix.nebula:gradle-dependency-lock-plugin:11.1.2
com.netflix.nebula:gradle-extra-configurations-plugin:5.0.3
com.netflix.nebula:gradle-info-plugin:9.2.2
com.netflix.nebula:gradle-java-cross-compile-plugin:4.3.0
com.netflix.nebula:nebula-gradle-interop:1.0.11
com.netflix.nebula:nebula-oss-publishing-plugin:0.3.0
com.netflix.nebula:nebula-project-plugin:8.0.0
com.netflix.nebula:nebula-publishing-plugin:17.3.2
com.netflix.nebula:nebula-release-plugin:15.3.1
org.jetbrains.kotlin:kotlin-stdlib-common:1.4.10
org.jetbrains.kotlin:kotlin-stdlib-jdk7:1.4.10
org.jetbrains.kotlin:kotlin-stdlib-jdk8:1.4.10
org.jetbrains.kotlin:kotlin-stdlib:1.4.10
org.jetbrains:annotations:13.0
org.kt3k.gradle.plugin:coveralls-gradle-plugin:2.8.3
